
Microsoft Visual Studio Solution File, Format Version 12.00
# Visual Studio Version 16
VisualStudioVersion = 16.0.31112.23
MinimumVisualStudioVersion = 10.0.40219.1
Project("{9A19103F-16F7-4668-BE54-9A1E7A4F7556}") = "TaskTech", "TaskTech.csproj", "{B856EAA2-1AA6-40A0-ACD7-30A0BBB32847}"
EndProject
Global
	GlobalSection(SolutionConfigurationPlatforms) = preSolution
		Debug|Any CPU = Debug|Any CPU
		Release|Any CPU = Release|Any CPU
	EndGlobalSection
	GlobalSection(ProjectConfigurationPlatforms) = postSolution
		{B856EAA2-1AA6-40A0-ACD7-30A0BBB32847}.Debug|Any CPU.ActiveCfg = Debug|Any CPU
		{B856EAA2-1AA6-40A0-ACD7-30A0BBB32847}.Debug|Any CPU.Build.0 = Debug|Any CPU
		{B856EAA2-1AA6-40A0-ACD7-30A0BBB32847}.Release|Any CPU.ActiveCfg = Release|Any CPU
		{B856EAA2-1AA6-40A0-ACD7-30A0BBB32847}.Release|Any CPU.Build.0 = Release|Any CPU
	EndGlobalSection
	GlobalSection(SolutionProperties) = preSolution
		HideSolutionNode = FALSE
	EndGlobalSection
	GlobalSection(ExtensibilityGlobals) = postSolution
		SolutionGuid = {E81BBAEA-17DF-4BC2-A07E-A5D4371D2759}
	EndGlobalSection
EndGlobal
